// !$*UTF8*$!
{
	archiveVersion = 1;
	classes = {
	};
	objectVersion = 56;
	objects = {

/* Begin PBXBuildFile section */
		64B830662D9F8E8F003D8E9E /* AlphaQ2App.swift in Sources */ = {isa = PBXBuildFile; fileRef = 64B830652D9F8E8F003D8E9E /* AlphaQ2App.swift */; };
		64B830682D9F8E8F003D8E9E /* ContentView.swift in Sources */ = {isa = PBXBuildFile; fileRef = 64B830672D9F8E8F003D8E9E /* ContentView.swift */; };
		64B8306A2D9F8E92003D8E9E /* Assets.xcassets in Resources */ = {isa = PBXBuildFile; fileRef = 64B830692D9F8E92003D8E9E /* Assets.xcassets */; };
		64B8306D2D9F8E92003D8E9E /* Preview Assets.xcassets in Resources */ = {isa = PBXBuildFile; fileRef = 64B8306C2D9F8E92003D8E9E /* Preview Assets.xcassets */; };
		64B8306F2D9F8E92003D8E9E /* Persistence.swift in Sources */ = {isa = PBXBuildFile; fileRef = 64B8306E2D9F8E92003D8E9E /* Persistence.swift */; };
		64B830722D9F8E92003D8E9E /* AlphaQ2.xcdatamodeld in Sources */ = {isa = PBXBuildFile; fileRef = 64B830702D9F8E92003D8E9E /* AlphaQ2.xcdatamodeld */; };
		64B8307C2D9F8E92003D8E9E /* AlphaQ2Tests.swift in Sources */ = {isa = PBXBuildFile; fileRef = 64B8307B2D9F8E92003D8E9E /* AlphaQ2Tests.swift */; };
		64B830862D9F8E92003D8E9E /* AlphaQ2UITests.swift in Sources */ = {isa = PBXBuildFile; fileRef = 64B830852D9F8E92003D8E9E /* AlphaQ2UITests.swift */; };
		64B830882D9F8E92003D8E9E /* AlphaQ2UITestsLaunchTests.swift in Sources */ = {isa = PBXBuildFile; fileRef = 64B830872D9F8E92003D8E9E /* AlphaQ2UITestsLaunchTests.swift */; };
/* End PBXBuildFile section */

/* Begin PBXContainerItemProxy section */
		64B830782D9F8E92003D8E9E /* PBXContainerItemProxy */ = {
			isa = PBXContainerItemProxy;
			containerPortal = 64B8305A2D9F8E8F003D8E9E /* Project object */;
			proxyType = 1;
			remoteGlobalIDString = 64B830612D9F8E8F003D8E9E;
			remoteInfo = AlphaQ2;
		};
		64B830822D9F8E92003D8E9E /* PBXContainerItemProxy */ = {
			isa = PBXContainerItemProxy;
			containerPortal = 64B8305A2D9F8E8F003D8E9E /* Project object */;
			proxyType = 1;
			remoteGlobalIDString = 64B830612D9F8E8F003D8E9E;
			remoteInfo = AlphaQ2;
		};
/* End PBXContainerItemProxy section */

/* Begin PBXFileReference section */
		64B830622D9F8E8F003D8E9E /* AlphaQ2.app */ = {isa = PBXFileReference; explicitFileType = wrapper.application; includeInIndex = 0; path = AlphaQ2.app; sourceTree = BUILT_PRODUCTS_DIR; };
		64B830652D9F8E8F003D8E9E /* AlphaQ2App.swift */ = {isa = PBXFileReference; lastKnownFileType = sourcecode.swift; path = AlphaQ2App.swift; sourceTree = "<group>"; };
		64B830672D9F8E8F003D8E9E /* ContentView.swift */ = {isa = PBXFileReference; lastKnownFileType = sourcecode.swift; path = ContentView.swift; sourceTree = "<group>"; };
		64B830692D9F8E92003D8E9E /* Assets.xcassets */ = {isa = PBXFileReference; lastKnownFileType = folder.assetcatalog; path = Assets.xcassets; sourceTree = "<group>"; };
		64B8306C2D9F8E92003D8E9E /* Preview Assets.xcassets */ = {isa = PBXFileReference; lastKnownFileType = folder.assetcatalog; path = "Preview Assets.xcassets"; sourceTree = "<group>"; };
		64B8306E2D9F8E92003D8E9E /* Persistence.swift */ = {isa = PBXFileReference; lastKnownFileType = sourcecode.swift; path = Persistence.swift; sourceTree = "<group>"; };
		64B830712D9F8E92003D8E9E /* AlphaQ2.xcdatamodel */ = {isa = PBXFileReference; lastKnownFileType = wrapper.xcdatamodel; path = AlphaQ2.xcdatamodel; sourceTree = "<group>"; };
		64B830772D9F8E92003D8E9E /* AlphaQ2Tests.xctest */ = {isa = PBXFileReference; explicitFileType = wrapper.cfbundle; includeInIndex = 0; path = AlphaQ2Tests.xctest; sourceTree = BUILT_PRODUCTS_DIR; };
		64B8307B2D9F8E92003D8E9E /* AlphaQ2Tests.swift */ = {isa = PBXFileReference; lastKnownFileType = sourcecode.swift; path = AlphaQ2Tests.swift; sourceTree = "<group>"; };
		64B830812D9F8E92003D8E9E /* AlphaQ2UITests.xctest */ = {isa = PBXFileReference; explicitFileType = wrapper.cfbundle; includeInIndex = 0; path = AlphaQ2UITests.xctest; sourceTree = BUILT_PRODUCTS_DIR; };
		64B830852D9F8E92003D8E9E /* AlphaQ2UITests.swift */ = {isa = PBXFileReference; lastKnownFileType = sourcecode.swift; path = AlphaQ2UITests.swift; sourceTree = "<group>"; };
		64B830872D9F8E92003D8E9E /* AlphaQ2UITestsLaunchTests.swift */ = {isa = PBXFileReference; lastKnownFileType = sourcecode.swift; path = AlphaQ2UITestsLaunchTests.swift; sourceTree = "<group>"; };
/* End PBXFileReference section */

/* Begin PBXFrameworksBuildPhase section */
		64B8305F2D9F8E8F003D8E9E /* Frameworks */ = {
			isa = PBXFrameworksBuildPhase;
			buildActionMask = 2147483647;
			files = (
			);
			runOnlyForDeploymentPostprocessing = 0;
		};
		64B830742D9F8E92003D8E9E /* Frameworks */ = {
			isa = PBXFrameworksBuildPhase;
			buildActionMask = 2147483647;
			files = (
			);
			runOnlyForDeploymentPostprocessing = 0;
		};
		64B8307E2D9F8E92003D8E9E /* Frameworks */ = {
			isa = PBXFrameworksBuildPhase;
			buildActionMask = 2147483647;
			files = (
			);
			runOnlyForDeploymentPostprocessing = 0;
		};
/* End PBXFrameworksBuildPhase section */

/* Begin PBXGroup section */
		64B830592D9F8E8F003D8E9E = {
			isa = PBXGroup;
			children = (
				64B830642D9F8E8F003D8E9E /* AlphaQ2 */,
				64B8307A2D9F8E92003D8E9E /* AlphaQ2Tests */,
				64B830842D9F8E92003D8E9E /* AlphaQ2UITests */,
				64B830632D9F8E8F003D8E9E /* Products */,
			);
			sourceTree = "<group>";
		};
		64B830632D9F8E8F003D8E9E /* Products */ = {
			isa = PBXGroup;
			children = (
				64B830622D9F8E8F003D8E9E /* AlphaQ2.app */,
				64B830772D9F8E92003D8E9E /* AlphaQ2Tests.xctest */,
				64B830812D9F8E92003D8E9E /* AlphaQ2UITests.xctest */,
			);
			name = Products;
			sourceTree = "<group>";
		};
		64B830642D9F8E8F003D8E9E /* AlphaQ2 */ = {
			isa = PBXGroup;
			children = (
				64B830652D9F8E8F003D8E9E /* AlphaQ2App.swift */,
				64B830672D9F8E8F003D8E9E /* ContentView.swift */,
				64B830692D9F8E92003D8E9E /* Assets.xcassets */,
				64B8306E2D9F8E92003D8E9E /* Persistence.swift */,
				64B830702D9F8E92003D8E9E /* AlphaQ2.xcdatamodeld */,
				64B8306B2D9F8E92003D8E9E /* Preview Content */,
			);
			path = AlphaQ2;
			sourceTree = "<group>";
		};
		64B8306B2D9F8E92003D8E9E /* Preview Content */ = {
			isa = PBXGroup;
			children = (
				64B8306C2D9F8E92003D8E9E /* Preview Assets.xcassets */,
			);
			path = "Preview Content";
			sourceTree = "<group>";
		};
		64B8307A2D9F8E92003D8E9E /* AlphaQ2Tests */ = {
			isa = PBXGroup;
			children = (
				64B8307B2D9F8E92003D8E9E /* AlphaQ2Tests.swift */,
			);
			path = AlphaQ2Tests;
			sourceTree = "<group>";
		};
		64B830842D9F8E92003D8E9E /* AlphaQ2UITests */ = {
			isa = PBXGroup;
			children = (
				64B830852D9F8E92003D8E9E /* AlphaQ2UITests.swift */,
				64B830872D9F8E92003D8E9E /* AlphaQ2UITestsLaunchTests.swift */,
			);
			path = AlphaQ2UITests;
			sourceTree = "<group>";
		};
/* End PBXGroup section */

/* Begin PBXNativeTarget section */
		64B830612D9F8E8F003D8E9E /* AlphaQ2 */ = {
			isa = PBXNativeTarget;
			buildConfigurationList = 64B8308B2D9F8E92003D8E9E /* Build configuration list for PBXNativeTarget "AlphaQ2" */;
			buildPhases = (
				64B8305E2D9F8E8F003D8E9E /* Sources */,
				64B8305F2D9F8E8F003D8E9E /* Frameworks */,
				64B830602D9F8E8F003D8E9E /* Resources */,
			);
			buildRules = (
			);
			dependencies = (
			);
			name = AlphaQ2;
			productName = AlphaQ2;
			productReference = 64B830622D9F8E8F003D8E9E /* AlphaQ2.app */;
			productType = "com.apple.product-type.application";
		};
		64B830762D9F8E92003D8E9E /* AlphaQ2Tests */ = {
			isa = PBXNativeTarget;
			buildConfigurationList = 64B8308E2D9F8E92003D8E9E /* Build configuration list for PBXNativeTarget "AlphaQ2Tests" */;
			buildPhases = (
				64B830732D9F8E92003D8E9E /* Sources */,
				64B830742D9F8E92003D8E9E /* Frameworks */,
				64B830752D9F8E92003D8E9E /* Resources */,
			);
			buildRules = (
			);
			dependencies = (
				64B830792D9F8E92003D8E9E /* PBXTargetDependency */,
			);
			name = AlphaQ2Tests;
			productName = AlphaQ2Tests;
			productReference = 64B830772D9F8E92003D8E9E /* AlphaQ2Tests.xctest */;
			productType = "com.apple.product-type.bundle.unit-test";
		};
		64B830802D9F8E92003D8E9E /* AlphaQ2UITests */ = {
			isa = PBXNativeTarget;
			buildConfigurationList = 64B830912D9F8E92003D8E9E /* Build configuration list for PBXNativeTarget "AlphaQ2UITests" */;
			buildPhases = (
				64B8307D2D9F8E92003D8E9E /* Sources */,
				64B8307E2D9F8E92003D8E9E /* Frameworks */,
				64B8307F2D9F8E92003D8E9E /* Resources */,
			);
			buildRules = (
			);
			dependencies = (
				64B830832D9F8E92003D8E9E /* PBXTargetDependency */,
			);
			name = AlphaQ2UITests;
			productName = AlphaQ2UITests;
			productReference = 64B830812D9F8E92003D8E9E /* AlphaQ2UITests.xctest */;
			productType = "com.apple.product-type.bundle.ui-testing";
		};
/* End PBXNativeTarget section */

/* Begin PBXProject section */
		64B8305A2D9F8E8F003D8E9E /* Project object */ = {
			isa = PBXProject;
			attributes = {
				BuildIndependentTargetsInParallel = 1;
				LastSwiftUpdateCheck = 1540;
				LastUpgradeCheck = 1540;
				TargetAttributes = {
					64B830612D9F8E8F003D8E9E = {
						CreatedOnToolsVersion = 15.4;
					};
					64B830762D9F8E92003D8E9E = {
						CreatedOnToolsVersion = 15.4;
						TestTargetID = 64B830612D9F8E8F003D8E9E;
					};
					64B830802D9F8E92003D8E9E = {
						CreatedOnToolsVersion = 15.4;
						TestTargetID = 64B830612D9F8E8F003D8E9E;
					};
				};
			};
			buildConfigurationList = 64B8305D2D9F8E8F003D8E9E /* Build configuration list for PBXProject "AlphaQ2" */;
			compatibilityVersion = "Xcode 14.0";
			developmentRegion = en;
			hasScannedForEncodings = 0;
			knownRegions = (
				en,
				Base,
			);
			mainGroup = 64B830592D9F8E8F003D8E9E;
			productRefGroup = 64B830632D9F8E8F003D8E9E /* Products */;
			projectDirPath = "";
			projectRoot = "";
			targets = (
				64B830612D9F8E8F003D8E9E /* AlphaQ2 */,
				64B830762D9F8E92003D8E9E /* AlphaQ2Tests */,
				64B830802D9F8E92003D8E9E /* AlphaQ2UITests */,
			);
		};
/* End PBXProject section */

/* Begin PBXResourcesBuildPhase section */
		64B830602D9F8E8F003D8E9E /* Resources */ = {
			isa = PBXResourcesBuildPhase;
			buildActionMask = 2147483647;
			files = (
				64B8306D2D9F8E92003D8E9E /* Preview Assets.xcassets in Resources */,
				64B8306A2D9F8E92003D8E9E /* Assets.xcassets in Resources */,
			);
			runOnlyForDeploymentPostprocessing = 0;
		};
		64B830752D9F8E92003D8E9E /* Resources */ = {
			isa = PBXResourcesBuildPhase;
			buildActionMask = 2147483647;
			files = (
			);
			runOnlyForDeploymentPostprocessing = 0;
		};
		64B8307F2D9F8E92003D8E9E /* Resources */ = {
			isa = PBXResourcesBuildPhase;
			buildActionMask = 2147483647;
			files = (
			);
			runOnlyForDeploymentPostprocessing = 0;
		};
/* End PBXResourcesBuildPhase section */

/* Begin PBXSourcesBuildPhase section */
		64B8305E2D9F8E8F003D8E9E /* Sources */ = {
			isa = PBXSourcesBuildPhase;
			buildActionMask = 2147483647;
			files = (
				64B8306F2D9F8E92003D8E9E /* Persistence.swift in Sources */,
				64B830722D9F8E92003D8E9E /* AlphaQ2.xcdatamodeld in Sources */,
				64B830682D9F8E8F003D8E9E /* ContentView.swift in Sources */,
				64B830662D9F8E8F003D8E9E /* AlphaQ2App.swift in Sources */,
			);
			runOnlyForDeploymentPostprocessing = 0;
		};
		64B830732D9F8E92003D8E9E /* Sources */ = {
			isa = PBXSourcesBuildPhase;
			buildActionMask = 2147483647;
			files = (
				64B8307C2D9F8E92003D8E9E /* AlphaQ2Tests.swift in Sources */,
			);
			runOnlyForDeploymentPostprocessing = 0;
		};
		64B8307D2D9F8E92003D8E9E /* Sources */ = {
			isa = PBXSourcesBuildPhase;
			buildActionMask = 2147483647;
			files = (
				64B830882D9F8E92003D8E9E /* AlphaQ2UITestsLaunchTests.swift in Sources */,
				64B830862D9F8E92003D8E9E /* AlphaQ2UITests.swift in Sources */,
			);
			runOnlyForDeploymentPostprocessing = 0;
		};
/* End PBXSourcesBuildPhase section */

/* Begin PBXTargetDependency section */
		64B830792D9F8E92003D8E9E /* PBXTargetDependency */ = {
			isa = PBXTargetDependency;
			target = 64B830612D9F8E8F003D8E9E /* AlphaQ2 */;
			targetProxy = 64B830782D9F8E92003D8E9E /* PBXContainerItemProxy */;
		};
		64B830832D9F8E92003D8E9E /* PBXTargetDependency */ = {
			isa = PBXTargetDependency;
			target = 64B830612D9F8E8F003D8E9E /* AlphaQ2 */;
			targetProxy = 64B830822D9F8E92003D8E9E /* PBXContainerItemProxy */;
		};
/* End PBXTargetDependency section */

/* Begin XCBuildConfiguration section */
		64B830892D9F8E92003D8E9E /* Debug */ = {
			isa = XCBuildConfiguration;
			buildSettings = {
				ALWAYS_SEARCH_USER_PATHS = NO;
				ASSETCATALOG_COMPILER_GENERATE_SWIFT_ASSET_SYMBOL_EXTENSIONS = YES;
				CLANG_ANALYZER_NONNULL = YES;
				CLANG_ANALYZER_NUMBER_OBJECT_CONVERSION = YES_AGGRESSIVE;
				CLANG_CXX_LANGUAGE_STANDARD = "gnu++20";
				CLANG_ENABLE_MODULES = YES;
				CLANG_ENABLE_OBJC_ARC = YES;
				CLANG_ENABLE_OBJC_WEAK = YES;
				CLANG_WARN_BLOCK_CAPTURE_AUTORELEASING = YES;
				CLANG_WARN_BOOL_CONVERSION = YES;
				CLANG_WARN_COMMA = YES;
				CLANG_WARN_CONSTANT_CONVERSION = YES;
				CLANG_WARN_DEPRECATED_OBJC_IMPLEMENTATIONS = YES;
				CLANG_WARN_DIRECT_OBJC_ISA_USAGE = YES_ERROR;
				CLANG_WARN_DOCUMENTATION_COMMENTS = YES;
				CLANG_WARN_EMPTY_BODY = YES;
				CLANG_WARN_ENUM_CONVERSION = YES;
				CLANG_WARN_INFINITE_RECURSION = YES;
				CLANG_WARN_INT_CONVERSION = YES;
				CLANG_WARN_NON_LITERAL_NULL_CONVERSION = YES;
				CLANG_WARN_OBJC_IMPLICIT_RETAIN_SELF = YES;
				CLANG_WARN_OBJC_LITERAL_CONVERSION = YES;
				CLANG_WARN_OBJC_ROOT_CLASS = YES_ERROR;
				CLANG_WARN_QUOTED_INCLUDE_IN_FRAMEWORK_HEADER = YES;
				CLANG_WARN_RANGE_LOOP_ANALYSIS = YES;
				CLANG_WARN_STRICT_PROTOTYPES = YES;
				CLANG_WARN_SUSPICIOUS_MOVE = YES;
				CLANG_WARN_UNGUARDED_AVAILABILITY = YES_AGGRESSIVE;
				CLANG_WARN_UNREACHABLE_CODE = YES;
				CLANG_WARN__DUPLICATE_METHOD_MATCH = YES;
				COPY_PHASE_STRIP = NO;
				DEBUG_INFORMATION_FORMAT = dwarf;
				ENABLE_STRICT_OBJC_MSGSEND = YES;
				ENABLE_TESTABILITY = YES;
				ENABLE_USER_SCRIPT_SANDBOXING = YES;
				GCC_C_LANGUAGE_STANDARD = gnu17;
				GCC_DYNAMIC_NO_PIC = NO;
				GCC_NO_COMMON_BLOCKS = YES;
				GCC_OPTIMIZATION_LEVEL = 0;
				GCC_PREPROCESSOR_DEFINITIONS = (
					"DEBUG=1",
					"$(inherited)",
				);
				GCC_WARN_64_TO_32_BIT_CONVERSION = YES;
				GCC_WARN_ABOUT_RETURN_TYPE = YES_ERROR;
				GCC_WARN_UNDECLARED_SELECTOR = YES;
				GCC_WARN_UNINITIALIZED_AUTOS = YES_AGGRESSIVE;
				GCC_WARN_UNUSED_FUNCTION = YES;
				GCC_WARN_UNUSED_VARIABLE = YES;
				IPHONEOS_DEPLOYMENT_TARGET = 17.5;
				LOCALIZATION_PREFERS_STRING_CATALOGS = YES;
				MTL_ENABLE_DEBUG_INFO = INCLUDE_SOURCE;
				MTL_FAST_MATH = YES;
				ONLY_ACTIVE_ARCH = YES;
				SDKROOT = iphoneos;
				SWIFT_ACTIVE_COMPILATION_CONDITIONS = "DEBUG $(inherited)";
				SWIFT_OPTIMIZATION_LEVEL = "-Onone";
			};
			name = Debug;
		};
		64B8308A2D9F8E92003D8E9E /* Release */ = {
			isa = XCBuildConfiguration;
			buildSettings = {
				ALWAYS_SEARCH_USER_PATHS = NO;
				ASSETCATALOG_COMPILER_GENERATE_SWIFT_ASSET_SYMBOL_EXTENSIONS = YES;
				CLANG_ANALYZER_NONNULL = YES;
				CLANG_ANALYZER_NUMBER_OBJECT_CONVERSION = YES_AGGRESSIVE;
				CLANG_CXX_LANGUAGE_STANDARD = "gnu++20";
				CLANG_ENABLE_MODULES = YES;
				CLANG_ENABLE_OBJC_ARC = YES;
				CLANG_ENABLE_OBJC_WEAK = YES;
				CLANG_WARN_BLOCK_CAPTURE_AUTORELEASING = YES;
				CLANG_WARN_BOOL_CONVERSION = YES;
				CLANG_WARN_COMMA = YES;
				CLANG_WARN_CONSTANT_CONVERSION = YES;
				CLANG_WARN_DEPRECATED_OBJC_IMPLEMENTATIONS = YES;
				CLANG_WARN_DIRECT_OBJC_ISA_USAGE = YES_ERROR;
				CLANG_WARN_DOCUMENTATION_COMMENTS = YES;
				CLANG_WARN_EMPTY_BODY = YES;
				CLANG_WARN_ENUM_CONVERSION = YES;
				CLANG_WARN_INFINITE_RECURSION = YES;
				CLANG_WARN_INT_CONVERSION = YES;
				CLANG_WARN_NON_LITERAL_NULL_CONVERSION = YES;
				CLANG_WARN_OBJC_IMPLICIT_RETAIN_SELF = YES;
				CLANG_WARN_OBJC_LITERAL_CONVERSION = YES;
				CLANG_WARN_OBJC_ROOT_CLASS = YES_ERROR;
				CLANG_WARN_QUOTED_INCLUDE_IN_FRAMEWORK_HEADER = YES;
				CLANG_WARN_RANGE_LOOP_ANALYSIS = YES;
				CLANG_WARN_STRICT_PROTOTYPES = YES;
				CLANG_WARN_SUSPICIOUS_MOVE = YES;
				CLANG_WARN_UNGUARDED_AVAILABILITY = YES_AGGRESSIVE;
				CLANG_WARN_UNREACHABLE_CODE = YES;
				CLANG_WARN__DUPLICATE_METHOD_MATCH = YES;
				COPY_PHASE_STRIP = NO;
				DEBUG_INFORMATION_FORMAT = "dwarf-with-dsym";
				ENABLE_NS_ASSERTIONS = NO;
				ENABLE_STRICT_OBJC_MSGSEND = YES;
				ENABLE_USER_SCRIPT_SANDBOXING = YES;
				GCC_C_LANGUAGE_STANDARD = gnu17;
				GCC_NO_COMMON_BLOCKS = YES;
				GCC_WARN_64_TO_32_BIT_CONVERSION = YES;
				GCC_WARN_ABOUT_RETURN_TYPE = YES_ERROR;
				GCC_WARN_UNDECLARED_SELECTOR = YES;
				GCC_WARN_UNINITIALIZED_AUTOS = YES_AGGRESSIVE;
				GCC_WARN_UNUSED_FUNCTION = YES;
				GCC_WARN_UNUSED_VARIABLE = YES;
				IPHONEOS_DEPLOYMENT_TARGET = 17.5;
				LOCALIZATION_PREFERS_STRING_CATALOGS = YES;
				MTL_ENABLE_DEBUG_INFO = NO;
				MTL_FAST_MATH = YES;
				SDKROOT = iphoneos;
				SWIFT_COMPILATION_MODE = wholemodule;
				VALIDATE_PRODUCT = YES;
			};
			name = Release;
		};
		64B8308C2D9F8E92003D8E9E /* Debug */ = {
			isa = XCBuildConfiguration;
			buildSettings = {
				ASSETCATALOG_COMPILER_APPICON_NAME = AppIcon;
				ASSETCATALOG_COMPILER_GLOBAL_ACCENT_COLOR_NAME = AccentColor;
				CODE_SIGN_STYLE = Automatic;
				CURRENT_PROJECT_VERSION = 1;
				DEVELOPMENT_ASSET_PATHS = "\"AlphaQ2/Preview Content\"";
				DEVELOPMENT_TEAM = 5B9SMV5DX8;
				ENABLE_PREVIEWS = YES;
				GENERATE_INFOPLIST_FILE = YES;
				INFOPLIST_KEY_UIApplicationSceneManifest_Generation = YES;
				INFOPLIST_KEY_UIApplicationSupportsIndirectInputEvents = YES;
				INFOPLIST_KEY_UILaunchScreen_Generation = YES;
				INFOPLIST_KEY_UISupportedInterfaceOrientations_iPad = "UIInterfaceOrientationPortrait UIInterfaceOrientationPortraitUpsideDown UIInterfaceOrientationLandscapeLeft UIInterfaceOrientationLandscapeRight";
				INFOPLIST_KEY_UISupportedInterfaceOrientations_iPhone = "UIInterfaceOrientationPortrait UIInterfaceOrientationLandscapeLeft UIInterfaceOrientationLandscapeRight";
				LD_RUNPATH_SEARCH_PATHS = (
					"$(inherited)",
					"@executable_path/Frameworks",
				);
				MARKETING_VERSION = 1.0;
				PRODUCT_BUNDLE_IDENTIFIER = Disson.AlphaQ2;
				PRODUCT_NAME = "$(TARGET_NAME)";
				SWIFT_EMIT_LOC_STRINGS = YES;
				SWIFT_VERSION = 5.0;
				TARGETED_DEVICE_FAMILY = "1,2";
			};
			name = Debug;
		};
		64B8308D2D9F8E92003D8E9E /* Release */ = {
			isa = XCBuildConfiguration;
			buildSettings = {
				ASSETCATALOG_COMPILER_APPICON_NAME = AppIcon;
				ASSETCATALOG_COMPILER_GLOBAL_ACCENT_COLOR_NAME = AccentColor;
				CODE_SIGN_STYLE = Automatic;
				CURRENT_PROJECT_VERSION = 1;
				DEVELOPMENT_ASSET_PATHS = "\"AlphaQ2/Preview Content\"";
				DEVELOPMENT_TEAM = 5B9SMV5DX8;
				ENABLE_PREVIEWS = YES;
				GENERATE_INFOPLIST_FILE = YES;
				INFOPLIST_KEY_UIApplicationSceneManifest_Generation = YES;
				INFOPLIST_KEY_UIApplicationSupportsIndirectInputEvents = YES;
				INFOPLIST_KEY_UILaunchScreen_Generation = YES;
				INFOPLIST_KEY_UISupportedInterfaceOrientations_iPad = "UIInterfaceOrientationPortrait UIInterfaceOrientationPortraitUpsideDown UIInterfaceOrientationLandscapeLeft UIInterfaceOrientationLandscapeRight";
				INFOPLIST_KEY_UISupportedInterfaceOrientations_iPhone = "UIInterfaceOrientationPortrait UIInterfaceOrientationLandscapeLeft UIInterfaceOrientationLandscapeRight";
				LD_RUNPATH_SEARCH_PATHS = (
					"$(inherited)",
					"@executable_path/Frameworks",
				);
				MARKETING_VERSION = 1.0;
				PRODUCT_BUNDLE_IDENTIFIER = Disson.AlphaQ2;
				PRODUCT_NAME = "$(TARGET_NAME)";
				SWIFT_EMIT_LOC_STRINGS = YES;
				SWIFT_VERSION = 5.0;
				TARGETED_DEVICE_FAMILY = "1,2";
			};
			name = Release;
		};
		64B8308F2D9F8E92003D8E9E /* Debug */ = {
			isa = XCBuildConfiguration;
			buildSettings = {
				ALWAYS_EMBED_SWIFT_STANDARD_LIBRARIES = YES;
				BUNDLE_LOADER = "$(TEST_HOST)";
				CODE_SIGN_STYLE = Automatic;
				CURRENT_PROJECT_VERSION = 1;
				DEVELOPMENT_TEAM = 5B9SMV5DX8;
				GENERATE_INFOPLIST_FILE = YES;
				IPHONEOS_DEPLOYMENT_TARGET = 17.5;
				MARKETING_VERSION = 1.0;
				PRODUCT_BUNDLE_IDENTIFIER = Disson.AlphaQ2Tests;
				PRODUCT_NAME = "$(TARGET_NAME)";
				SWIFT_EMIT_LOC_STRINGS = NO;
				SWIFT_VERSION = 5.0;
				TARGETED_DEVICE_FAMILY = "1,2";
				TEST_HOST = "$(BUILT_PRODUCTS_DIR)/AlphaQ2.app/$(BUNDLE_EXECUTABLE_FOLDER_PATH)/AlphaQ2";
			};
			name = Debug;
		};
		64B830902D9F8E92003D8E9E /* Release */ = {
			isa = XCBuildConfiguration;
			buildSettings = {
				ALWAYS_EMBED_SWIFT_STANDARD_LIBRARIES = YES;
				BUNDLE_LOADER = "$(TEST_HOST)";
				CODE_SIGN_STYLE = Automatic;
				CURRENT_PROJECT_VERSION = 1;
				DEVELOPMENT_TEAM = 5B9SMV5DX8;
				GENERATE_INFOPLIST_FILE = YES;
				IPHONEOS_DEPLOYMENT_TARGET = 17.5;
				MARKETING_VERSION = 1.0;
				PRODUCT_BUNDLE_IDENTIFIER = Disson.AlphaQ2Tests;
				PRODUCT_NAME = "$(TARGET_NAME)";
				SWIFT_EMIT_LOC_STRINGS = NO;
				SWIFT_VERSION = 5.0;
				TARGETED_DEVICE_FAMILY = "1,2";
				TEST_HOST = "$(BUILT_PRODUCTS_DIR)/AlphaQ2.app/$(BUNDLE_EXECUTABLE_FOLDER_PATH)/AlphaQ2";
			};
			name = Release;
		};
		64B830922D9F8E92003D8E9E /* Debug */ = {
			isa = XCBuildConfiguration;
			buildSettings = {
				ALWAYS_EMBED_SWIFT_STANDARD_LIBRARIES = YES;
				CODE_SIGN_STYLE = Automatic;
				CURRENT_PROJECT_VERSION = 1;
				DEVELOPMENT_TEAM = 5B9SMV5DX8;
				GENERATE_INFOPLIST_FILE = YES;
				MARKETING_VERSION = 1.0;
				PRODUCT_BUNDLE_IDENTIFIER = Disson.AlphaQ2UITests;
				PRODUCT_NAME = "$(TARGET_NAME)";
				SWIFT_EMIT_LOC_STRINGS = NO;
				SWIFT_VERSION = 5.0;
				TARGETED_DEVICE_FAMILY = "1,2";
				TEST_TARGET_NAME = AlphaQ2;
			};
			name = Debug;
		};
		64B830932D9F8E92003D8E9E /* Release */ = {
			isa = XCBuildConfiguration;
			buildSettings = {
				ALWAYS_EMBED_SWIFT_STANDARD_LIBRARIES = YES;
				CODE_SIGN_STYLE = Automatic;
				CURRENT_PROJECT_VERSION = 1;
				DEVELOPMENT_TEAM = 5B9SMV5DX8;
				GENERATE_INFOPLIST_FILE = YES;
				MARKETING_VERSION = 1.0;
				PRODUCT_BUNDLE_IDENTIFIER = Disson.AlphaQ2UITests;
				PRODUCT_NAME = "$(TARGET_NAME)";
				SWIFT_EMIT_LOC_STRINGS = NO;
				SWIFT_VERSION = 5.0;
				TARGETED_DEVICE_FAMILY = "1,2";
				TEST_TARGET_NAME = AlphaQ2;
			};
			name = Release;
		};
/* End XCBuildConfiguration section */

/* Begin XCConfigurationList section */
		64B8305D2D9F8E8F003D8E9E /* Build configuration list for PBXProject "AlphaQ2" */ = {
			isa = XCConfigurationList;
			buildConfigurations = (
				64B830892D9F8E92003D8E9E /* Debug */,
				64B8308A2D9F8E92003D8E9E /* Release */,
			);
			defaultConfigurationIsVisible = 0;
			defaultConfigurationName = Release;
		};
		64B8308B2D9F8E92003D8E9E /* Build configuration list for PBXNativeTarget "AlphaQ2" */ = {
			isa = XCConfigurationList;
			buildConfigurations = (
				64B8308C2D9F8E92003D8E9E /* Debug */,
				64B8308D2D9F8E92003D8E9E /* Release */,
			);
			defaultConfigurationIsVisible = 0;
			defaultConfigurationName = Release;
		};
		64B8308E2D9F8E92003D8E9E /* Build configuration list for PBXNativeTarget "AlphaQ2Tests" */ = {
			isa = XCConfigurationList;
			buildConfigurations = (
				64B8308F2D9F8E92003D8E9E /* Debug */,
				64B830902D9F8E92003D8E9E /* Release */,
			);
			defaultConfigurationIsVisible = 0;
			defaultConfigurationName = Release;
		};
		64B830912D9F8E92003D8E9E /* Build configuration list for PBXNativeTarget "AlphaQ2UITests" */ = {
			isa = XCConfigurationList;
			buildConfigurations = (
				64B830922D9F8E92003D8E9E /* Debug */,
				64B830932D9F8E92003D8E9E /* Release */,
			);
			defaultConfigurationIsVisible = 0;
			defaultConfigurationName = Release;
		};
/* End XCConfigurationList section */

/* Begin XCVersionGroup section */
		64B830702D9F8E92003D8E9E /* AlphaQ2.xcdatamodeld */ = {
			isa = XCVersionGroup;
			children = (
				64B830712D9F8E92003D8E9E /* AlphaQ2.xcdatamodel */,
			);
			currentVersion = 64B830712D9F8E92003D8E9E /* AlphaQ2.xcdatamodel */;
			path = AlphaQ2.xcdatamodeld;
			sourceTree = "<group>";
			versionGroupType = wrapper.xcdatamodel;
		};
/* End XCVersionGroup section */
	};
	rootObject = 64B8305A2D9F8E8F003D8E9E /* Project object */;
}
