// !$*UTF8*$!
{
	archiveVersion = 1;
	classes = {
	};
	objectVersion = 56;
	objects = {

/* Begin PBXBuildFile section */
		640CFDF32DA50C1000515C21 /* Congratulations Screen.png in Resources */ = {isa = PBXBuildFile; fileRef = 640CFDED2DA50C1000515C21 /* Congratulations Screen.png */; };
		640CFDF42DA50C1000515C21 /* Parent Settings Screen.jpeg in Resources */ = {isa = PBXBuildFile; fileRef = 640CFDEE2DA50C1000515C21 /* Parent Settings Screen.jpeg */; };
		640CFDF52DA50C1000515C21 /* Letter Selection Menu.jpeg in Resources */ = {isa = PBXBuildFile; fileRef = 640CFDEF2DA50C1000515C21 /* Letter Selection Menu.jpeg */; };
		640CFDF62DA50C1000515C21 /* Painting:Tracing Level Screen (Unified Design).jpeg in Resources */ = {isa = PBXBuildFile; fileRef = 640CFDF02DA50C1000515C21 /* Painting:Tracing Level Screen (Unified Design).jpeg */; };
		640CFDF72DA50C1000515C21 /* Word Association Screen.jpeg in Resources */ = {isa = PBXBuildFile; fileRef = 640CFDF12DA50C1000515C21 /* Word Association Screen.jpeg */; };
		640CFDF82DA50C1000515C21 /* Tutorial:Onboarding Screen.jpeg in Resources */ = {isa = PBXBuildFile; fileRef = 640CFDF22DA50C1000515C21 /* Tutorial:Onboarding Screen.jpeg */; };
		645C98242DAF5AD000280A3E /* TutorialPage1View.swift in Sources */ = {isa = PBXBuildFile; fileRef = 645C981D2DAF5AD000280A3E /* TutorialPage1View.swift */; };
		645C98252DAF5AD000280A3E /* TutorialPage2View.swift in Sources */ = {isa = PBXBuildFile; fileRef = 645C981E2DAF5AD000280A3E /* TutorialPage2View.swift */; };
		645C98262DAF5AD000280A3E /* TutorialPage3View.swift in Sources */ = {isa = PBXBuildFile; fileRef = 645C981F2DAF5AD000280A3E /* TutorialPage3View.swift */; };
		645C98272DAF5AD000280A3E /* TutorialPage4View.swift in Sources */ = {isa = PBXBuildFile; fileRef = 645C98202DAF5AD000280A3E /* TutorialPage4View.swift */; };
		645C98282DAF5AD000280A3E /* TutorialView.swift in Sources */ = {isa = PBXBuildFile; fileRef = 645C98212DAF5AD000280A3E /* TutorialView.swift */; };
		645C982B2DAF5E1400280A3E /* ContentView.swift in Sources */ = {isa = PBXBuildFile; fileRef = 645C98292DAF5E1400280A3E /* ContentView.swift */; };
		645C982F2DAF5E4C00280A3E /* MainMenuView.swift in Sources */ = {isa = PBXBuildFile; fileRef = 645C982C2DAF5E4C00280A3E /* MainMenuView.swift */; };
		645C98322DAF5E6000280A3E /* AudioService.swift in Sources */ = {isa = PBXBuildFile; fileRef = 645C98302DAF5E6000280A3E /* AudioService.swift */; };
		645C98372DAF653300280A3E /* ConfettiView.swift in Sources */ = {isa = PBXBuildFile; fileRef = 645C98332DAF653300280A3E /* ConfettiView.swift */; };
		645C983D2DAF69F300280A3E /* LetterIntroductionView.swift in Sources */ = {isa = PBXBuildFile; fileRef = 645C983A2DAF69F300280A3E /* LetterIntroductionView.swift */; };
		645C983F2DAF6E1000280A3E /* WordInfo.swift in Sources */ = {isa = PBXBuildFile; fileRef = 645C983E2DAF6E1000280A3E /* WordInfo.swift */; };
		645C98432DAF6E2A00280A3E /* WordAssociationView.swift in Sources */ = {isa = PBXBuildFile; fileRef = 645C98402DAF6E2A00280A3E /* WordAssociationView.swift */; };
		64884D602DA7751A00A13332 /* UserSettings.swift in Sources */ = {isa = PBXBuildFile; fileRef = 64884D5B2DA7751A00A13332 /* UserSettings.swift */; };
		64884D612DA7751A00A13332 /* PersistenceService.swift in Sources */ = {isa = PBXBuildFile; fileRef = 64884D5D2DA7751A00A13332 /* PersistenceService.swift */; };
		64884D642DA7764B00A13332 /* Line.swift in Sources */ = {isa = PBXBuildFile; fileRef = 64884D622DA7764B00A13332 /* Line.swift */; };
		64884D692DA777A000A13332 /* DrawingCanvasView.swift in Sources */ = {isa = PBXBuildFile; fileRef = 64884D682DA777A000A13332 /* DrawingCanvasView.swift */; };
		64884D6B2DA7784700A13332 /* ColorPaletteView.swift in Sources */ = {isa = PBXBuildFile; fileRef = 64884D6A2DA7784700A13332 /* ColorPaletteView.swift */; };
		64884D6D2DA779D600A13332 /* PaintingInteractionView.swift in Sources */ = {isa = PBXBuildFile; fileRef = 64884D6C2DA779D600A13332 /* PaintingInteractionView.swift */; };
		64884D6F2DA77A4600A13332 /* Level1FillView.swift in Sources */ = {isa = PBXBuildFile; fileRef = 64884D6E2DA77A4600A13332 /* Level1FillView.swift */; };
		64884D712DA77A8D00A13332 /* LetterData.swift in Sources */ = {isa = PBXBuildFile; fileRef = 64884D702DA77A8D00A13332 /* LetterData.swift */; };
		64884D752DA77B0400A13332 /* Color+Extensions.swift in Sources */ = {isa = PBXBuildFile; fileRef = 64884D722DA77B0400A13332 /* Color+Extensions.swift */; };
		64884D782DA7898200A13332 /* RetryOverlayView.swift in Sources */ = {isa = PBXBuildFile; fileRef = 64884D762DA7898200A13332 /* RetryOverlayView.swift */; };
		64884D792DA7898200A13332 /* SuccessOverlayView.swift in Sources */ = {isa = PBXBuildFile; fileRef = 64884D772DA7898200A13332 /* SuccessOverlayView.swift */; };
		64884D7B2DA78C4600A13332 /* Level2TraceView.swift in Sources */ = {isa = PBXBuildFile; fileRef = 64884D7A2DA78C4600A13332 /* Level2TraceView.swift */; };
		64884D7D2DA7AEE600A13332 /* Level3FreeDrawView.swift in Sources */ = {isa = PBXBuildFile; fileRef = 64884D7C2DA7AEE600A13332 /* Level3FreeDrawView.swift */; };
		64884D812DA7B04400A13332 /* ShapeRecognitionService.swift in Sources */ = {isa = PBXBuildFile; fileRef = 64884D7E2DA7B04400A13332 /* ShapeRecognitionService.swift */; };
		64B830662D9F8E8F003D8E9E /* AlphaQ2App.swift in Sources */ = {isa = PBXBuildFile; fileRef = 64B830652D9F8E8F003D8E9E /* AlphaQ2App.swift */; };
		64B830682D9F8E8F003D8E9E /* AContentView.swift in Sources */ = {isa = PBXBuildFile; fileRef = 64B830672D9F8E8F003D8E9E /* AContentView.swift */; };
		64B8306A2D9F8E92003D8E9E /* Assets.xcassets in Resources */ = {isa = PBXBuildFile; fileRef = 64B830692D9F8E92003D8E9E /* Assets.xcassets */; };
		64B8306D2D9F8E92003D8E9E /* Preview Assets.xcassets in Resources */ = {isa = PBXBuildFile; fileRef = 64B8306C2D9F8E92003D8E9E /* Preview Assets.xcassets */; };
		64B8306F2D9F8E92003D8E9E /* Persistence.swift in Sources */ = {isa = PBXBuildFile; fileRef = 64B8306E2D9F8E92003D8E9E /* Persistence.swift */; };
		64B830722D9F8E92003D8E9E /* AlphaQ2.xcdatamodeld in Sources */ = {isa = PBXBuildFile; fileRef = 64B830702D9F8E92003D8E9E /* AlphaQ2.xcdatamodeld */; };
		64B8307C2D9F8E92003D8E9E /* AlphaQ2Tests.swift in Sources */ = {isa = PBXBuildFile; fileRef = 64B8307B2D9F8E92003D8E9E /* AlphaQ2Tests.swift */; };
		64B830862D9F8E92003D8E9E /* AlphaQ2UITests.swift in Sources */ = {isa = PBXBuildFile; fileRef = 64B830852D9F8E92003D8E9E /* AlphaQ2UITests.swift */; };
		64B830882D9F8E92003D8E9E /* AlphaQ2UITestsLaunchTests.swift in Sources */ = {isa = PBXBuildFile; fileRef = 64B830872D9F8E92003D8E9E /* AlphaQ2UITestsLaunchTests.swift */; };
		64FA81CF2DE5648B009AE37D /* Airplane.m4a in Resources */ = {isa = PBXBuildFile; fileRef = 64FA81C92DE5648B009AE37D /* Airplane.m4a */; };
		64FA81D02DE5648B009AE37D /* Alligator.m4a in Resources */ = {isa = PBXBuildFile; fileRef = 64FA81CA2DE5648B009AE37D /* Alligator.m4a */; };
		64FA81D12DE5648B009AE37D /* Ant.m4a in Resources */ = {isa = PBXBuildFile; fileRef = 64FA81CB2DE5648B009AE37D /* Ant.m4a */; };
		64FA81D22DE5648B009AE37D /* Apple.m4a in Resources */ = {isa = PBXBuildFile; fileRef = 64FA81CC2DE5648B009AE37D /* Apple.m4a */; };
		64FA81D32DE5648B009AE37D /* letter_a.m4a in Resources */ = {isa = PBXBuildFile; fileRef = 64FA81CD2DE5648B009AE37D /* letter_a.m4a */; };
/* End PBXBuildFile section */

/* Begin PBXContainerItemProxy section */
		64B830782D9F8E92003D8E9E /* PBXContainerItemProxy */ = {
			isa = PBXContainerItemProxy;
			containerPortal = 64B8305A2D9F8E8F003D8E9E /* Project object */;
			proxyType = 1;
			remoteGlobalIDString = 64B830612D9F8E8F003D8E9E;
			remoteInfo = AlphaQ2;
		};
		64B830822D9F8E92003D8E9E /* PBXContainerItemProxy */ = {
			isa = PBXContainerItemProxy;
			containerPortal = 64B8305A2D9F8E8F003D8E9E /* Project object */;
			proxyType = 1;
			remoteGlobalIDString = 64B830612D9F8E8F003D8E9E;
			remoteInfo = AlphaQ2;
		};
/* End PBXContainerItemProxy section */

/* Begin PBXFileReference section */
		640CFDED2DA50C1000515C21 /* Congratulations Screen.png */ = {isa = PBXFileReference; lastKnownFileType = image.png; name = "Congratulations Screen.png"; path = "AlphaQ2/Assets.xcassets/mockups/Congratulations Screen.png"; sourceTree = SOURCE_ROOT; };
		640CFDEE2DA50C1000515C21 /* Parent Settings Screen.jpeg */ = {isa = PBXFileReference; lastKnownFileType = image.jpeg; name = "Parent Settings Screen.jpeg"; path = "AlphaQ2/Assets.xcassets/mockups/Parent Settings Screen.jpeg"; sourceTree = SOURCE_ROOT; };
		640CFDEF2DA50C1000515C21 /* Letter Selection Menu.jpeg */ = {isa = PBXFileReference; lastKnownFileType = image.jpeg; name = "Letter Selection Menu.jpeg"; path = "AlphaQ2/Assets.xcassets/mockups/Letter Selection Menu.jpeg"; sourceTree = SOURCE_ROOT; };
		640CFDF02DA50C1000515C21 /* Painting:Tracing Level Screen (Unified Design).jpeg */ = {isa = PBXFileReference; lastKnownFileType = image.jpeg; name = "Painting:Tracing Level Screen (Unified Design).jpeg"; path = "AlphaQ2/Assets.xcassets/mockups/Painting:Tracing Level Screen (Unified Design).jpeg"; sourceTree = SOURCE_ROOT; };
		640CFDF12DA50C1000515C21 /* Word Association Screen.jpeg */ = {isa = PBXFileReference; lastKnownFileType = image.jpeg; name = "Word Association Screen.jpeg"; path = "AlphaQ2/Assets.xcassets/mockups/Word Association Screen.jpeg"; sourceTree = SOURCE_ROOT; };
		640CFDF22DA50C1000515C21 /* Tutorial:Onboarding Screen.jpeg */ = {isa = PBXFileReference; lastKnownFileType = image.jpeg; name = "Tutorial:Onboarding Screen.jpeg"; path = "AlphaQ2/Assets.xcassets/mockups/Tutorial:Onboarding Screen.jpeg"; sourceTree = SOURCE_ROOT; };
		645C981D2DAF5AD000280A3E /* TutorialPage1View.swift */ = {isa = PBXFileReference; fileEncoding = 4; lastKnownFileType = sourcecode.swift; path = TutorialPage1View.swift; sourceTree = "<group>"; };
		645C981E2DAF5AD000280A3E /* TutorialPage2View.swift */ = {isa = PBXFileReference; fileEncoding = 4; lastKnownFileType = sourcecode.swift; path = TutorialPage2View.swift; sourceTree = "<group>"; };
		645C981F2DAF5AD000280A3E /* TutorialPage3View.swift */ = {isa = PBXFileReference; fileEncoding = 4; lastKnownFileType = sourcecode.swift; path = TutorialPage3View.swift; sourceTree = "<group>"; };
		645C98202DAF5AD000280A3E /* TutorialPage4View.swift */ = {isa = PBXFileReference; fileEncoding = 4; lastKnownFileType = sourcecode.swift; path = TutorialPage4View.swift; sourceTree = "<group>"; };
		645C98212DAF5AD000280A3E /* TutorialView.swift */ = {isa = PBXFileReference; fileEncoding = 4; lastKnownFileType = sourcecode.swift; path = TutorialView.swift; sourceTree = "<group>"; };
		645C98292DAF5E1400280A3E /* ContentView.swift */ = {isa = PBXFileReference; fileEncoding = 4; lastKnownFileType = sourcecode.swift; path = ContentView.swift; sourceTree = "<group>"; };
		645C982C2DAF5E4C00280A3E /* MainMenuView.swift */ = {isa = PBXFileReference; fileEncoding = 4; lastKnownFileType = sourcecode.swift; path = MainMenuView.swift; sourceTree = "<group>"; };
		645C98302DAF5E6000280A3E /* AudioService.swift */ = {isa = PBXFileReference; fileEncoding = 4; lastKnownFileType = sourcecode.swift; path = AudioService.swift; sourceTree = "<group>"; };
		645C98332DAF653300280A3E /* ConfettiView.swift */ = {isa = PBXFileReference; fileEncoding = 4; lastKnownFileType = sourcecode.swift; path = ConfettiView.swift; sourceTree = "<group>"; };
		645C983A2DAF69F300280A3E /* LetterIntroductionView.swift */ = {isa = PBXFileReference; fileEncoding = 4; lastKnownFileType = sourcecode.swift; path = LetterIntroductionView.swift; sourceTree = "<group>"; };
		645C983E2DAF6E1000280A3E /* WordInfo.swift */ = {isa = PBXFileReference; fileEncoding = 4; lastKnownFileType = sourcecode.swift; path = WordInfo.swift; sourceTree = "<group>"; };
		645C98402DAF6E2A00280A3E /* WordAssociationView.swift */ = {isa = PBXFileReference; fileEncoding = 4; lastKnownFileType = sourcecode.swift; path = WordAssociationView.swift; sourceTree = "<group>"; };
		64884D5B2DA7751A00A13332 /* UserSettings.swift */ = {isa = PBXFileReference; fileEncoding = 4; lastKnownFileType = sourcecode.swift; path = UserSettings.swift; sourceTree = "<group>"; };
		64884D5D2DA7751A00A13332 /* PersistenceService.swift */ = {isa = PBXFileReference; fileEncoding = 4; lastKnownFileType = sourcecode.swift; path = PersistenceService.swift; sourceTree = "<group>"; };
		64884D622DA7764B00A13332 /* Line.swift */ = {isa = PBXFileReference; fileEncoding = 4; lastKnownFileType = sourcecode.swift; path = Line.swift; sourceTree = "<group>"; };
		64884D682DA777A000A13332 /* DrawingCanvasView.swift */ = {isa = PBXFileReference; fileEncoding = 4; lastKnownFileType = sourcecode.swift; name = DrawingCanvasView.swift; path = AlphaQ2/Modules/Painting/Views/DrawingCanvasView.swift; sourceTree = SOURCE_ROOT; };
		64884D6A2DA7784700A13332 /* ColorPaletteView.swift */ = {isa = PBXFileReference; fileEncoding = 4; lastKnownFileType = sourcecode.swift; name = ColorPaletteView.swift; path = AlphaQ2/Modules/Painting/Views/ColorPaletteView.swift; sourceTree = SOURCE_ROOT; };
		64884D6C2DA779D600A13332 /* PaintingInteractionView.swift */ = {isa = PBXFileReference; fileEncoding = 4; lastKnownFileType = sourcecode.swift; name = PaintingInteractionView.swift; path = AlphaQ2/Modules/Painting/Views/PaintingInteractionView.swift; sourceTree = SOURCE_ROOT; };
		64884D6E2DA77A4600A13332 /* Level1FillView.swift */ = {isa = PBXFileReference; fileEncoding = 4; lastKnownFileType = sourcecode.swift; name = Level1FillView.swift; path = AlphaQ2/Modules/Painting/Views/Level1FillView.swift; sourceTree = SOURCE_ROOT; };
		64884D702DA77A8D00A13332 /* LetterData.swift */ = {isa = PBXFileReference; fileEncoding = 4; lastKnownFileType = sourcecode.swift; path = LetterData.swift; sourceTree = "<group>"; };
		64884D722DA77B0400A13332 /* Color+Extensions.swift */ = {isa = PBXFileReference; fileEncoding = 4; lastKnownFileType = sourcecode.swift; path = "Color+Extensions.swift"; sourceTree = "<group>"; };
		64884D762DA7898200A13332 /* RetryOverlayView.swift */ = {isa = PBXFileReference; fileEncoding = 4; lastKnownFileType = sourcecode.swift; name = RetryOverlayView.swift; path = AlphaQ2/Modules/Painting/Views/RetryOverlayView.swift; sourceTree = SOURCE_ROOT; };
		64884D772DA7898200A13332 /* SuccessOverlayView.swift */ = {isa = PBXFileReference; fileEncoding = 4; lastKnownFileType = sourcecode.swift; name = SuccessOverlayView.swift; path = AlphaQ2/Modules/Painting/Views/SuccessOverlayView.swift; sourceTree = SOURCE_ROOT; };
		64884D7A2DA78C4600A13332 /* Level2TraceView.swift */ = {isa = PBXFileReference; fileEncoding = 4; lastKnownFileType = sourcecode.swift; name = Level2TraceView.swift; path = AlphaQ2/Modules/Painting/Views/Level2TraceView.swift; sourceTree = SOURCE_ROOT; };
		64884D7C2DA7AEE600A13332 /* Level3FreeDrawView.swift */ = {isa = PBXFileReference; fileEncoding = 4; lastKnownFileType = sourcecode.swift; name = Level3FreeDrawView.swift; path = AlphaQ2/Modules/Painting/Views/Level3FreeDrawView.swift; sourceTree = SOURCE_ROOT; };
		64884D7E2DA7B04400A13332 /* ShapeRecognitionService.swift */ = {isa = PBXFileReference; fileEncoding = 4; lastKnownFileType = sourcecode.swift; path = ShapeRecognitionService.swift; sourceTree = "<group>"; };
		64B830622D9F8E8F003D8E9E /* AlphaQ2.app */ = {isa = PBXFileReference; explicitFileType = wrapper.application; includeInIndex = 0; path = AlphaQ2.app; sourceTree = BUILT_PRODUCTS_DIR; };
		64B830652D9F8E8F003D8E9E /* AlphaQ2App.swift */ = {isa = PBXFileReference; lastKnownFileType = sourcecode.swift; path = AlphaQ2App.swift; sourceTree = "<group>"; };
		64B830672D9F8E8F003D8E9E /* AContentView.swift */ = {isa = PBXFileReference; lastKnownFileType = sourcecode.swift; path = AContentView.swift; sourceTree = "<group>"; };
		64B830692D9F8E92003D8E9E /* Assets.xcassets */ = {isa = PBXFileReference; lastKnownFileType = folder.assetcatalog; path = Assets.xcassets; sourceTree = "<group>"; };
		64B8306C2D9F8E92003D8E9E /* Preview Assets.xcassets */ = {isa = PBXFileReference; lastKnownFileType = folder.assetcatalog; path = "Preview Assets.xcassets"; sourceTree = "<group>"; };
		64B8306E2D9F8E92003D8E9E /* Persistence.swift */ = {isa = PBXFileReference; lastKnownFileType = sourcecode.swift; path = Persistence.swift; sourceTree = "<group>"; };
		64B830712D9F8E92003D8E9E /* AlphaQ2.xcdatamodel */ = {isa = PBXFileReference; lastKnownFileType = wrapper.xcdatamodel; path = AlphaQ2.xcdatamodel; sourceTree = "<group>"; };
		64B830772D9F8E92003D8E9E /* AlphaQ2Tests.xctest */ = {isa = PBXFileReference; explicitFileType = wrapper.cfbundle; includeInIndex = 0; path = AlphaQ2Tests.xctest; sourceTree = BUILT_PRODUCTS_DIR; };
		64B8307B2D9F8E92003D8E9E /* AlphaQ2Tests.swift */ = {isa = PBXFileReference; lastKnownFileType = sourcecode.swift; path = AlphaQ2Tests.swift; sourceTree = "<group>"; };
		64B830812D9F8E92003D8E9E /* AlphaQ2UITests.xctest */ = {isa = PBXFileReference; explicitFileType = wrapper.cfbundle; includeInIndex = 0; path = AlphaQ2UITests.xctest; sourceTree = BUILT_PRODUCTS_DIR; };
		64B830852D9F8E92003D8E9E /* AlphaQ2UITests.swift */ = {isa = PBXFileReference; lastKnownFileType = sourcecode.swift; path = AlphaQ2UITests.swift; sourceTree = "<group>"; };
		64B830872D9F8E92003D8E9E /* AlphaQ2UITestsLaunchTests.swift */ = {isa = PBXFileReference; lastKnownFileType = sourcecode.swift; path = AlphaQ2UITestsLaunchTests.swift; sourceTree = "<group>"; };
		64FA81C92DE5648B009AE37D /* Airplane.m4a */ = {isa = PBXFileReference; lastKnownFileType = file; path = Airplane.m4a; sourceTree = "<group>"; };
		64FA81CA2DE5648B009AE37D /* Alligator.m4a */ = {isa = PBXFileReference; lastKnownFileType = file; path = Alligator.m4a; sourceTree = "<group>"; };
		64FA81CB2DE5648B009AE37D /* Ant.m4a */ = {isa = PBXFileReference; lastKnownFileType = file; path = Ant.m4a; sourceTree = "<group>"; };
		64FA81CC2DE5648B009AE37D /* Apple.m4a */ = {isa = PBXFileReference; lastKnownFileType = file; path = Apple.m4a; sourceTree = "<group>"; };
		64FA81CD2DE5648B009AE37D /* letter_a.m4a */ = {isa = PBXFileReference; lastKnownFileType = file; path = letter_a.m4a; sourceTree = "<group>"; };
/* End PBXFileReference section */

/* Begin PBXFrameworksBuildPhase section */
		64B8305F2D9F8E8F003D8E9E /* Frameworks */ = {
			isa = PBXFrameworksBuildPhase;
			buildActionMask = 2147483647;
			files = (
			);
			runOnlyForDeploymentPostprocessing = 0;
		};
		64B830742D9F8E92003D8E9E /* Frameworks */ = {
			isa = PBXFrameworksBuildPhase;
			buildActionMask = 2147483647;
			files = (
			);
			runOnlyForDeploymentPostprocessing = 0;
		};
		64B8307E2D9F8E92003D8E9E /* Frameworks */ = {
			isa = PBXFrameworksBuildPhase;
			buildActionMask = 2147483647;
			files = (
			);
			runOnlyForDeploymentPostprocessing = 0;
		};
/* End PBXFrameworksBuildPhase section */

/* Begin PBXGroup section */
		640CFDEC2DA50BF400515C21 /* Mockups */ = {
			isa = PBXGroup;
			children = (
				640CFDED2DA50C1000515C21 /* Congratulations Screen.png */,
				640CFDEF2DA50C1000515C21 /* Letter Selection Menu.jpeg */,
				640CFDF02DA50C1000515C21 /* Painting:Tracing Level Screen (Unified Design).jpeg */,
				640CFDEE2DA50C1000515C21 /* Parent Settings Screen.jpeg */,
				640CFDF22DA50C1000515C21 /* Tutorial:Onboarding Screen.jpeg */,
				640CFDF12DA50C1000515C21 /* Word Association Screen.jpeg */,
			);
			path = Mockups;
			sourceTree = "<group>";
		};
		645C98222DAF5AD000280A3E /* Views */ = {
			isa = PBXGroup;
			children = (
				645C981D2DAF5AD000280A3E /* TutorialPage1View.swift */,
				645C981E2DAF5AD000280A3E /* TutorialPage2View.swift */,
				645C981F2DAF5AD000280A3E /* TutorialPage3View.swift */,
				645C98202DAF5AD000280A3E /* TutorialPage4View.swift */,
				645C98212DAF5AD000280A3E /* TutorialView.swift */,
			);
			path = Views;
			sourceTree = "<group>";
		};
		645C98232DAF5AD000280A3E /* Tutorial */ = {
			isa = PBXGroup;
			children = (
				645C98222DAF5AD000280A3E /* Views */,
			);
			path = Tutorial;
			sourceTree = "<group>";
		};
		645C982A2DAF5E1400280A3E /* Application */ = {
			isa = PBXGroup;
			children = (
				645C98292DAF5E1400280A3E /* ContentView.swift */,
			);
			path = Application;
			sourceTree = "<group>";
		};
		645C982D2DAF5E4C00280A3E /* Views */ = {
			isa = PBXGroup;
			children = (
				645C982C2DAF5E4C00280A3E /* MainMenuView.swift */,
			);
			path = Views;
			sourceTree = "<group>";
		};
		645C982E2DAF5E4C00280A3E /* LetterSelection */ = {
			isa = PBXGroup;
			children = (
				645C982D2DAF5E4C00280A3E /* Views */,
			);
			path = LetterSelection;
			sourceTree = "<group>";
		};
		645C98312DAF5E6000280A3E /* Audio */ = {
			isa = PBXGroup;
			children = (
				645C98302DAF5E6000280A3E /* AudioService.swift */,
			);
			path = Audio;
			sourceTree = "<group>";
		};
		645C98342DAF653300280A3E /* Effects */ = {
			isa = PBXGroup;
			children = (
				645C98332DAF653300280A3E /* ConfettiView.swift */,
			);
			path = Effects;
			sourceTree = "<group>";
		};
		645C98352DAF653300280A3E /* Views */ = {
			isa = PBXGroup;
			children = (
				645C98342DAF653300280A3E /* Effects */,
			);
			path = Views;
			sourceTree = "<group>";
		};
		645C98362DAF653300280A3E /* Shared */ = {
			isa = PBXGroup;
			children = (
				645C98352DAF653300280A3E /* Views */,
			);
			path = Shared;
			sourceTree = "<group>";
		};
		645C98382DAF670300280A3E /* Resources */ = {
			isa = PBXGroup;
			children = (
				645C98392DAF672100280A3E /* Audio */,
			);
			path = Resources;
			sourceTree = "<group>";
		};
		645C98392DAF672100280A3E /* Audio */ = {
			isa = PBXGroup;
			children = (
				64FA81C72DE56416009AE37D /* Letters */,
				64FA81C62DE56410009AE37D /* Musc */,
			);
			path = Audio;
			sourceTree = "<group>";
		};
		645C983B2DAF69F300280A3E /* Views */ = {
			isa = PBXGroup;
			children = (
				645C983A2DAF69F300280A3E /* LetterIntroductionView.swift */,
			);
			path = Views;
			sourceTree = "<group>";
		};
		645C983C2DAF69F300280A3E /* LetterIntroduction */ = {
			isa = PBXGroup;
			children = (
				645C983B2DAF69F300280A3E /* Views */,
			);
			path = LetterIntroduction;
			sourceTree = "<group>";
		};
		645C98412DAF6E2A00280A3E /* Views */ = {
			isa = PBXGroup;
			children = (
				645C98402DAF6E2A00280A3E /* WordAssociationView.swift */,
			);
			path = Views;
			sourceTree = "<group>";
		};
		645C98422DAF6E2A00280A3E /* WordAssociation */ = {
			isa = PBXGroup;
			children = (
				645C98412DAF6E2A00280A3E /* Views */,
			);
			path = WordAssociation;
			sourceTree = "<group>";
		};
		64884D5C2DA7751A00A13332 /* Models */ = {
			isa = PBXGroup;
			children = (
				645C983E2DAF6E1000280A3E /* WordInfo.swift */,
				64884D702DA77A8D00A13332 /* LetterData.swift */,
				64884D5B2DA7751A00A13332 /* UserSettings.swift */,
			);
			path = Models;
			sourceTree = "<group>";
		};
		64884D5E2DA7751A00A13332 /* Persistence */ = {
			isa = PBXGroup;
			children = (
				64884D5D2DA7751A00A13332 /* PersistenceService.swift */,
			);
			path = Persistence;
			sourceTree = "<group>";
		};
		64884D5F2DA7751A00A13332 /* Data */ = {
			isa = PBXGroup;
			children = (
				64884D5C2DA7751A00A13332 /* Models */,
				64884D5E2DA7751A00A13332 /* Persistence */,
			);
			path = Data;
			sourceTree = "<group>";
		};
		64884D632DA7764B00A13332 /* Models */ = {
			isa = PBXGroup;
			children = (
				64884D622DA7764B00A13332 /* Line.swift */,
			);
			path = Models;
			sourceTree = "<group>";
		};
		64884D662DA7765300A13332 /* Views */ = {
			isa = PBXGroup;
			children = (
				64884D7C2DA7AEE600A13332 /* Level3FreeDrawView.swift */,
				64884D7A2DA78C4600A13332 /* Level2TraceView.swift */,
				64884D762DA7898200A13332 /* RetryOverlayView.swift */,
				64884D772DA7898200A13332 /* SuccessOverlayView.swift */,
				64884D6E2DA77A4600A13332 /* Level1FillView.swift */,
				64884D6C2DA779D600A13332 /* PaintingInteractionView.swift */,
				64884D6A2DA7784700A13332 /* ColorPaletteView.swift */,
				64884D682DA777A000A13332 /* DrawingCanvasView.swift */,
			);
			name = Views;
			path = AlphaQ2/Modules/Views;
			sourceTree = SOURCE_ROOT;
		};
		64884D732DA77B0400A13332 /* Extensions */ = {
			isa = PBXGroup;
			children = (
				64884D722DA77B0400A13332 /* Color+Extensions.swift */,
			);
			path = Extensions;
			sourceTree = "<group>";
		};
		64884D742DA77B0400A13332 /* Core */ = {
			isa = PBXGroup;
			children = (
				64884D732DA77B0400A13332 /* Extensions */,
			);
			path = Core;
			sourceTree = "<group>";
		};
		64884D7F2DA7B04400A13332 /* ShapeRecognition */ = {
			isa = PBXGroup;
			children = (
				64884D7E2DA7B04400A13332 /* ShapeRecognitionService.swift */,
			);
			path = ShapeRecognition;
			sourceTree = "<group>";
		};
		64884D802DA7B04400A13332 /* Services */ = {
			isa = PBXGroup;
			children = (
				645C98312DAF5E6000280A3E /* Audio */,
				64884D7F2DA7B04400A13332 /* ShapeRecognition */,
			);
			path = Services;
			sourceTree = "<group>";
		};
		64A18D082DA773E9004C5ABA /* Painting */ = {
			isa = PBXGroup;
			children = (
				64884D662DA7765300A13332 /* Views */,
				64884D632DA7764B00A13332 /* Models */,
			);
			path = Painting;
			sourceTree = "<group>";
		};
		64A18D092DA773E9004C5ABA /* Modules */ = {
			isa = PBXGroup;
			children = (
				645C98422DAF6E2A00280A3E /* WordAssociation */,
				645C983C2DAF69F300280A3E /* LetterIntroduction */,
				645C98362DAF653300280A3E /* Shared */,
				645C982E2DAF5E4C00280A3E /* LetterSelection */,
				645C98232DAF5AD000280A3E /* Tutorial */,
				64A18D082DA773E9004C5ABA /* Painting */,
			);
			path = Modules;
			sourceTree = "<group>";
		};
		64B830592D9F8E8F003D8E9E = {
			isa = PBXGroup;
			children = (
				64B830642D9F8E8F003D8E9E /* AlphaQ2 */,
				64B8307A2D9F8E92003D8E9E /* AlphaQ2Tests */,
				64B830842D9F8E92003D8E9E /* AlphaQ2UITests */,
				64B830632D9F8E8F003D8E9E /* Products */,
			);
			sourceTree = "<group>";
		};
		64B830632D9F8E8F003D8E9E /* Products */ = {
			isa = PBXGroup;
			children = (
				64B830622D9F8E8F003D8E9E /* AlphaQ2.app */,
				64B830772D9F8E92003D8E9E /* AlphaQ2Tests.xctest */,
				64B830812D9F8E92003D8E9E /* AlphaQ2UITests.xctest */,
			);
			name = Products;
			sourceTree = "<group>";
		};
		64B830642D9F8E8F003D8E9E /* AlphaQ2 */ = {
			isa = PBXGroup;
			children = (
				645C98382DAF670300280A3E /* Resources */,
				645C982A2DAF5E1400280A3E /* Application */,
				64884D802DA7B04400A13332 /* Services */,
				64884D742DA77B0400A13332 /* Core */,
				64884D5F2DA7751A00A13332 /* Data */,
				64A18D092DA773E9004C5ABA /* Modules */,
				64B830652D9F8E8F003D8E9E /* AlphaQ2App.swift */,
				64B830672D9F8E8F003D8E9E /* AContentView.swift */,
				64B830692D9F8E92003D8E9E /* Assets.xcassets */,
				64B8306E2D9F8E92003D8E9E /* Persistence.swift */,
				64B830702D9F8E92003D8E9E /* AlphaQ2.xcdatamodeld */,
				640CFDEC2DA50BF400515C21 /* Mockups */,
				64B8306B2D9F8E92003D8E9E /* Preview Content */,
			);
			path = AlphaQ2;
			sourceTree = "<group>";
		};
		64B8306B2D9F8E92003D8E9E /* Preview Content */ = {
			isa = PBXGroup;
			children = (
				64B8306C2D9F8E92003D8E9E /* Preview Assets.xcassets */,
			);
			path = "Preview Content";
			sourceTree = "<group>";
		};
		64B8307A2D9F8E92003D8E9E /* AlphaQ2Tests */ = {
			isa = PBXGroup;
			children = (
				64B8307B2D9F8E92003D8E9E /* AlphaQ2Tests.swift */,
			);
			path = AlphaQ2Tests;
			sourceTree = "<group>";
		};
		64B830842D9F8E92003D8E9E /* AlphaQ2UITests */ = {
			isa = PBXGroup;
			children = (
				64B830852D9F8E92003D8E9E /* AlphaQ2UITests.swift */,
				64B830872D9F8E92003D8E9E /* AlphaQ2UITestsLaunchTests.swift */,
			);
			path = AlphaQ2UITests;
			sourceTree = "<group>";
		};
		64FA81C62DE56410009AE37D /* Musc */ = {
			isa = PBXGroup;
			children = (
			);
			path = Musc;
			sourceTree = "<group>";
		};
		64FA81C72DE56416009AE37D /* Letters */ = {
			isa = PBXGroup;
			children = (
				64FA81CE2DE5648B009AE37D /* Letter_A_sounds */,
			);
			path = Letters;
			sourceTree = "<group>";
		};
		64FA81CE2DE5648B009AE37D /* Letter_A_sounds */ = {
			isa = PBXGroup;
			children = (
				64FA81C92DE5648B009AE37D /* Airplane.m4a */,
				64FA81CA2DE5648B009AE37D /* Alligator.m4a */,
				64FA81CB2DE5648B009AE37D /* Ant.m4a */,
				64FA81CC2DE5648B009AE37D /* Apple.m4a */,
				64FA81CD2DE5648B009AE37D /* letter_a.m4a */,
			);
			path = Letter_A_sounds;
			sourceTree = "<group>";
		};
/* End PBXGroup section */

/* Begin PBXNativeTarget section */
		64B830612D9F8E8F003D8E9E /* AlphaQ2 */ = {
			isa = PBXNativeTarget;
			buildConfigurationList = 64B8308B2D9F8E92003D8E9E /* Build configuration list for PBXNativeTarget "AlphaQ2" */;
			buildPhases = (
				64B8305E2D9F8E8F003D8E9E /* Sources */,
				64B8305F2D9F8E8F003D8E9E /* Frameworks */,
				64B830602D9F8E8F003D8E9E /* Resources */,
			);
			buildRules = (
			);
			dependencies = (
			);
			name = AlphaQ2;
			productName = AlphaQ2;
			productReference = 64B830622D9F8E8F003D8E9E /* AlphaQ2.app */;
			productType = "com.apple.product-type.application";
		};
		64B830762D9F8E92003D8E9E /* AlphaQ2Tests */ = {
			isa = PBXNativeTarget;
			buildConfigurationList = 64B8308E2D9F8E92003D8E9E /* Build configuration list for PBXNativeTarget "AlphaQ2Tests" */;
			buildPhases = (
				64B830732D9F8E92003D8E9E /* Sources */,
				64B830742D9F8E92003D8E9E /* Frameworks */,
				64B830752D9F8E92003D8E9E /* Resources */,
			);
			buildRules = (
			);
			dependencies = (
				64B830792D9F8E92003D8E9E /* PBXTargetDependency */,
			);
			name = AlphaQ2Tests;
			productName = AlphaQ2Tests;
			productReference = 64B830772D9F8E92003D8E9E /* AlphaQ2Tests.xctest */;
			productType = "com.apple.product-type.bundle.unit-test";
		};
		64B830802D9F8E92003D8E9E /* AlphaQ2UITests */ = {
			isa = PBXNativeTarget;
			buildConfigurationList = 64B830912D9F8E92003D8E9E /* Build configuration list for PBXNativeTarget "AlphaQ2UITests" */;
			buildPhases = (
				64B8307D2D9F8E92003D8E9E /* Sources */,
				64B8307E2D9F8E92003D8E9E /* Frameworks */,
				64B8307F2D9F8E92003D8E9E /* Resources */,
			);
			buildRules = (
			);
			dependencies = (
				64B830832D9F8E92003D8E9E /* PBXTargetDependency */,
			);
			name = AlphaQ2UITests;
			productName = AlphaQ2UITests;
			productReference = 64B830812D9F8E92003D8E9E /* AlphaQ2UITests.xctest */;
			productType = "com.apple.product-type.bundle.ui-testing";
		};
/* End PBXNativeTarget section */

/* Begin PBXProject section */
		64B8305A2D9F8E8F003D8E9E /* Project object */ = {
			isa = PBXProject;
			attributes = {
				BuildIndependentTargetsInParallel = 1;
				LastSwiftUpdateCheck = 1540;
				LastUpgradeCheck = 1540;
				TargetAttributes = {
					64B830612D9F8E8F003D8E9E = {
						CreatedOnToolsVersion = 15.4;
					};
					64B830762D9F8E92003D8E9E = {
						CreatedOnToolsVersion = 15.4;
						TestTargetID = 64B830612D9F8E8F003D8E9E;
					};
					64B830802D9F8E92003D8E9E = {
						CreatedOnToolsVersion = 15.4;
						TestTargetID = 64B830612D9F8E8F003D8E9E;
					};
				};
			};
			buildConfigurationList = 64B8305D2D9F8E8F003D8E9E /* Build configuration list for PBXProject "AlphaQ2" */;
			compatibilityVersion = "Xcode 14.0";
			developmentRegion = en;
			hasScannedForEncodings = 0;
			knownRegions = (
				en,
				Base,
			);
			mainGroup = 64B830592D9F8E8F003D8E9E;
			productRefGroup = 64B830632D9F8E8F003D8E9E /* Products */;
			projectDirPath = "";
			projectRoot = "";
			targets = (
				64B830612D9F8E8F003D8E9E /* AlphaQ2 */,
				64B830762D9F8E92003D8E9E /* AlphaQ2Tests */,
				64B830802D9F8E92003D8E9E /* AlphaQ2UITests */,
			);
		};
/* End PBXProject section */

/* Begin PBXResourcesBuildPhase section */
		64B830602D9F8E8F003D8E9E /* Resources */ = {
			isa = PBXResourcesBuildPhase;
			buildActionMask = 2147483647;
			files = (
				640CFDF62DA50C1000515C21 /* Painting:Tracing Level Screen (Unified Design).jpeg in Resources */,
				640CFDF52DA50C1000515C21 /* Letter Selection Menu.jpeg in Resources */,
				64B8306D2D9F8E92003D8E9E /* Preview Assets.xcassets in Resources */,
				64FA81D22DE5648B009AE37D /* Apple.m4a in Resources */,
				64B8306A2D9F8E92003D8E9E /* Assets.xcassets in Resources */,
				64FA81D02DE5648B009AE37D /* Alligator.m4a in Resources */,
				64FA81CF2DE5648B009AE37D /* Airplane.m4a in Resources */,
				640CFDF82DA50C1000515C21 /* Tutorial:Onboarding Screen.jpeg in Resources */,
				64FA81D12DE5648B009AE37D /* Ant.m4a in Resources */,
				64FA81D32DE5648B009AE37D /* letter_a.m4a in Resources */,
				640CFDF42DA50C1000515C21 /* Parent Settings Screen.jpeg in Resources */,
				640CFDF32DA50C1000515C21 /* Congratulations Screen.png in Resources */,
				640CFDF72DA50C1000515C21 /* Word Association Screen.jpeg in Resources */,
			);
			runOnlyForDeploymentPostprocessing = 0;
		};
		64B830752D9F8E92003D8E9E /* Resources */ = {
			isa = PBXResourcesBuildPhase;
			buildActionMask = 2147483647;
			files = (
			);
			runOnlyForDeploymentPostprocessing = 0;
		};
		64B8307F2D9F8E92003D8E9E /* Resources */ = {
			isa = PBXResourcesBuildPhase;
			buildActionMask = 2147483647;
			files = (
			);
			runOnlyForDeploymentPostprocessing = 0;
		};
/* End PBXResourcesBuildPhase section */

/* Begin PBXSourcesBuildPhase section */
		64B8305E2D9F8E8F003D8E9E /* Sources */ = {
			isa = PBXSourcesBuildPhase;
			buildActionMask = 2147483647;
			files = (
				645C983F2DAF6E1000280A3E /* WordInfo.swift in Sources */,
				64B8306F2D9F8E92003D8E9E /* Persistence.swift in Sources */,
				645C98242DAF5AD000280A3E /* TutorialPage1View.swift in Sources */,
				645C982B2DAF5E1400280A3E /* ContentView.swift in Sources */,
				645C98272DAF5AD000280A3E /* TutorialPage4View.swift in Sources */,
				64884D712DA77A8D00A13332 /* LetterData.swift in Sources */,
				64884D612DA7751A00A13332 /* PersistenceService.swift in Sources */,
				64B830722D9F8E92003D8E9E /* AlphaQ2.xcdatamodeld in Sources */,
				64884D7B2DA78C4600A13332 /* Level2TraceView.swift in Sources */,
				645C98322DAF5E6000280A3E /* AudioService.swift in Sources */,
				64B830682D9F8E8F003D8E9E /* AContentView.swift in Sources */,
				64884D602DA7751A00A13332 /* UserSettings.swift in Sources */,
				645C982F2DAF5E4C00280A3E /* MainMenuView.swift in Sources */,
				645C98282DAF5AD000280A3E /* TutorialView.swift in Sources */,
				64884D782DA7898200A13332 /* RetryOverlayView.swift in Sources */,
				64884D6D2DA779D600A13332 /* PaintingInteractionView.swift in Sources */,
				645C98372DAF653300280A3E /* ConfettiView.swift in Sources */,
				64884D752DA77B0400A13332 /* Color+Extensions.swift in Sources */,
				64884D6F2DA77A4600A13332 /* Level1FillView.swift in Sources */,
				645C98252DAF5AD000280A3E /* TutorialPage2View.swift in Sources */,
				64884D692DA777A000A13332 /* DrawingCanvasView.swift in Sources */,
				645C983D2DAF69F300280A3E /* LetterIntroductionView.swift in Sources */,
				64884D642DA7764B00A13332 /* Line.swift in Sources */,
				64884D812DA7B04400A13332 /* ShapeRecognitionService.swift in Sources */,
				645C98432DAF6E2A00280A3E /* WordAssociationView.swift in Sources */,
				64884D6B2DA7784700A13332 /* ColorPaletteView.swift in Sources */,
				645C98262DAF5AD000280A3E /* TutorialPage3View.swift in Sources */,
				64884D7D2DA7AEE600A13332 /* Level3FreeDrawView.swift in Sources */,
				64884D792DA7898200A13332 /* SuccessOverlayView.swift in Sources */,
				64B830662D9F8E8F003D8E9E /* AlphaQ2App.swift in Sources */,
			);
			runOnlyForDeploymentPostprocessing = 0;
		};
		64B830732D9F8E92003D8E9E /* Sources */ = {
			isa = PBXSourcesBuildPhase;
			buildActionMask = 2147483647;
			files = (
				64B8307C2D9F8E92003D8E9E /* AlphaQ2Tests.swift in Sources */,
			);
			runOnlyForDeploymentPostprocessing = 0;
		};
		64B8307D2D9F8E92003D8E9E /* Sources */ = {
			isa = PBXSourcesBuildPhase;
			buildActionMask = 2147483647;
			files = (
				64B830882D9F8E92003D8E9E /* AlphaQ2UITestsLaunchTests.swift in Sources */,
				64B830862D9F8E92003D8E9E /* AlphaQ2UITests.swift in Sources */,
			);
			runOnlyForDeploymentPostprocessing = 0;
		};
/* End PBXSourcesBuildPhase section */

/* Begin PBXTargetDependency section */
		64B830792D9F8E92003D8E9E /* PBXTargetDependency */ = {
			isa = PBXTargetDependency;
			target = 64B830612D9F8E8F003D8E9E /* AlphaQ2 */;
			targetProxy = 64B830782D9F8E92003D8E9E /* PBXContainerItemProxy */;
		};
		64B830832D9F8E92003D8E9E /* PBXTargetDependency */ = {
			isa = PBXTargetDependency;
			target = 64B830612D9F8E8F003D8E9E /* AlphaQ2 */;
			targetProxy = 64B830822D9F8E92003D8E9E /* PBXContainerItemProxy */;
		};
/* End PBXTargetDependency section */

/* Begin XCBuildConfiguration section */
		64B830892D9F8E92003D8E9E /* Debug */ = {
			isa = XCBuildConfiguration;
			buildSettings = {
				ALWAYS_SEARCH_USER_PATHS = NO;
				ASSETCATALOG_COMPILER_GENERATE_SWIFT_ASSET_SYMBOL_EXTENSIONS = YES;
				CLANG_ANALYZER_NONNULL = YES;
				CLANG_ANALYZER_NUMBER_OBJECT_CONVERSION = YES_AGGRESSIVE;
				CLANG_CXX_LANGUAGE_STANDARD = "gnu++20";
				CLANG_ENABLE_MODULES = YES;
				CLANG_ENABLE_OBJC_ARC = YES;
				CLANG_ENABLE_OBJC_WEAK = YES;
				CLANG_WARN_BLOCK_CAPTURE_AUTORELEASING = YES;
				CLANG_WARN_BOOL_CONVERSION = YES;
				CLANG_WARN_COMMA = YES;
				CLANG_WARN_CONSTANT_CONVERSION = YES;
				CLANG_WARN_DEPRECATED_OBJC_IMPLEMENTATIONS = YES;
				CLANG_WARN_DIRECT_OBJC_ISA_USAGE = YES_ERROR;
				CLANG_WARN_DOCUMENTATION_COMMENTS = YES;
				CLANG_WARN_EMPTY_BODY = YES;
				CLANG_WARN_ENUM_CONVERSION = YES;
				CLANG_WARN_INFINITE_RECURSION = YES;
				CLANG_WARN_INT_CONVERSION = YES;
				CLANG_WARN_NON_LITERAL_NULL_CONVERSION = YES;
				CLANG_WARN_OBJC_IMPLICIT_RETAIN_SELF = YES;
				CLANG_WARN_OBJC_LITERAL_CONVERSION = YES;
				CLANG_WARN_OBJC_ROOT_CLASS = YES_ERROR;
				CLANG_WARN_QUOTED_INCLUDE_IN_FRAMEWORK_HEADER = YES;
				CLANG_WARN_RANGE_LOOP_ANALYSIS = YES;
				CLANG_WARN_STRICT_PROTOTYPES = YES;
				CLANG_WARN_SUSPICIOUS_MOVE = YES;
				CLANG_WARN_UNGUARDED_AVAILABILITY = YES_AGGRESSIVE;
				CLANG_WARN_UNREACHABLE_CODE = YES;
				CLANG_WARN__DUPLICATE_METHOD_MATCH = YES;
				COPY_PHASE_STRIP = NO;
				DEBUG_INFORMATION_FORMAT = dwarf;
				ENABLE_STRICT_OBJC_MSGSEND = YES;
				ENABLE_TESTABILITY = YES;
				ENABLE_USER_SCRIPT_SANDBOXING = YES;
				GCC_C_LANGUAGE_STANDARD = gnu17;
				GCC_DYNAMIC_NO_PIC = NO;
				GCC_NO_COMMON_BLOCKS = YES;
				GCC_OPTIMIZATION_LEVEL = 0;
				GCC_PREPROCESSOR_DEFINITIONS = (
					"DEBUG=1",
					"$(inherited)",
				);
				GCC_WARN_64_TO_32_BIT_CONVERSION = YES;
				GCC_WARN_ABOUT_RETURN_TYPE = YES_ERROR;
				GCC_WARN_UNDECLARED_SELECTOR = YES;
				GCC_WARN_UNINITIALIZED_AUTOS = YES_AGGRESSIVE;
				GCC_WARN_UNUSED_FUNCTION = YES;
				GCC_WARN_UNUSED_VARIABLE = YES;
				IPHONEOS_DEPLOYMENT_TARGET = 17.5;
				LOCALIZATION_PREFERS_STRING_CATALOGS = YES;
				MTL_ENABLE_DEBUG_INFO = INCLUDE_SOURCE;
				MTL_FAST_MATH = YES;
				ONLY_ACTIVE_ARCH = YES;
				SDKROOT = iphoneos;
				SWIFT_ACTIVE_COMPILATION_CONDITIONS = "DEBUG $(inherited)";
				SWIFT_OPTIMIZATION_LEVEL = "-Onone";
			};
			name = Debug;
		};
		64B8308A2D9F8E92003D8E9E /* Release */ = {
			isa = XCBuildConfiguration;
			buildSettings = {
				ALWAYS_SEARCH_USER_PATHS = NO;
				ASSETCATALOG_COMPILER_GENERATE_SWIFT_ASSET_SYMBOL_EXTENSIONS = YES;
				CLANG_ANALYZER_NONNULL = YES;
				CLANG_ANALYZER_NUMBER_OBJECT_CONVERSION = YES_AGGRESSIVE;
				CLANG_CXX_LANGUAGE_STANDARD = "gnu++20";
				CLANG_ENABLE_MODULES = YES;
				CLANG_ENABLE_OBJC_ARC = YES;
				CLANG_ENABLE_OBJC_WEAK = YES;
				CLANG_WARN_BLOCK_CAPTURE_AUTORELEASING = YES;
				CLANG_WARN_BOOL_CONVERSION = YES;
				CLANG_WARN_COMMA = YES;
				CLANG_WARN_CONSTANT_CONVERSION = YES;
				CLANG_WARN_DEPRECATED_OBJC_IMPLEMENTATIONS = YES;
				CLANG_WARN_DIRECT_OBJC_ISA_USAGE = YES_ERROR;
				CLANG_WARN_DOCUMENTATION_COMMENTS = YES;
				CLANG_WARN_EMPTY_BODY = YES;
				CLANG_WARN_ENUM_CONVERSION = YES;
				CLANG_WARN_INFINITE_RECURSION = YES;
				CLANG_WARN_INT_CONVERSION = YES;
				CLANG_WARN_NON_LITERAL_NULL_CONVERSION = YES;
				CLANG_WARN_OBJC_IMPLICIT_RETAIN_SELF = YES;
				CLANG_WARN_OBJC_LITERAL_CONVERSION = YES;
				CLANG_WARN_OBJC_ROOT_CLASS = YES_ERROR;
				CLANG_WARN_QUOTED_INCLUDE_IN_FRAMEWORK_HEADER = YES;
				CLANG_WARN_RANGE_LOOP_ANALYSIS = YES;
				CLANG_WARN_STRICT_PROTOTYPES = YES;
				CLANG_WARN_SUSPICIOUS_MOVE = YES;
				CLANG_WARN_UNGUARDED_AVAILABILITY = YES_AGGRESSIVE;
				CLANG_WARN_UNREACHABLE_CODE = YES;
				CLANG_WARN__DUPLICATE_METHOD_MATCH = YES;
				COPY_PHASE_STRIP = NO;
				DEBUG_INFORMATION_FORMAT = "dwarf-with-dsym";
				ENABLE_NS_ASSERTIONS = NO;
				ENABLE_STRICT_OBJC_MSGSEND = YES;
				ENABLE_USER_SCRIPT_SANDBOXING = YES;
				GCC_C_LANGUAGE_STANDARD = gnu17;
				GCC_NO_COMMON_BLOCKS = YES;
				GCC_WARN_64_TO_32_BIT_CONVERSION = YES;
				GCC_WARN_ABOUT_RETURN_TYPE = YES_ERROR;
				GCC_WARN_UNDECLARED_SELECTOR = YES;
				GCC_WARN_UNINITIALIZED_AUTOS = YES_AGGRESSIVE;
				GCC_WARN_UNUSED_FUNCTION = YES;
				GCC_WARN_UNUSED_VARIABLE = YES;
				IPHONEOS_DEPLOYMENT_TARGET = 17.5;
				LOCALIZATION_PREFERS_STRING_CATALOGS = YES;
				MTL_ENABLE_DEBUG_INFO = NO;
				MTL_FAST_MATH = YES;
				SDKROOT = iphoneos;
				SWIFT_COMPILATION_MODE = wholemodule;
				VALIDATE_PRODUCT = YES;
			};
			name = Release;
		};
		64B8308C2D9F8E92003D8E9E /* Debug */ = {
			isa = XCBuildConfiguration;
			buildSettings = {
				ASSETCATALOG_COMPILER_APPICON_NAME = AppIcon;
				ASSETCATALOG_COMPILER_GLOBAL_ACCENT_COLOR_NAME = AccentColor;
				CODE_SIGN_STYLE = Automatic;
				CURRENT_PROJECT_VERSION = 1;
				DEVELOPMENT_ASSET_PATHS = "\"AlphaQ2/Preview Content\"";
				DEVELOPMENT_TEAM = 5B9SMV5DX8;
				ENABLE_PREVIEWS = YES;
				GENERATE_INFOPLIST_FILE = YES;
				INFOPLIST_KEY_UIApplicationSceneManifest_Generation = YES;
				INFOPLIST_KEY_UIApplicationSupportsIndirectInputEvents = YES;
				INFOPLIST_KEY_UILaunchScreen_Generation = YES;
				INFOPLIST_KEY_UISupportedInterfaceOrientations_iPad = "UIInterfaceOrientationPortrait UIInterfaceOrientationPortraitUpsideDown UIInterfaceOrientationLandscapeLeft UIInterfaceOrientationLandscapeRight";
				INFOPLIST_KEY_UISupportedInterfaceOrientations_iPhone = "UIInterfaceOrientationPortrait UIInterfaceOrientationLandscapeLeft UIInterfaceOrientationLandscapeRight";
				LD_RUNPATH_SEARCH_PATHS = (
					"$(inherited)",
					"@executable_path/Frameworks",
				);
				MARKETING_VERSION = 1.0;
				PRODUCT_BUNDLE_IDENTIFIER = Disson.AlphaQ2;
				PRODUCT_NAME = "$(TARGET_NAME)";
				SWIFT_EMIT_LOC_STRINGS = YES;
				SWIFT_VERSION = 5.0;
				TARGETED_DEVICE_FAMILY = "1,2";
			};
			name = Debug;
		};
		64B8308D2D9F8E92003D8E9E /* Release */ = {
			isa = XCBuildConfiguration;
			buildSettings = {
				ASSETCATALOG_COMPILER_APPICON_NAME = AppIcon;
				ASSETCATALOG_COMPILER_GLOBAL_ACCENT_COLOR_NAME = AccentColor;
				CODE_SIGN_STYLE = Automatic;
				CURRENT_PROJECT_VERSION = 1;
				DEVELOPMENT_ASSET_PATHS = "\"AlphaQ2/Preview Content\"";
				DEVELOPMENT_TEAM = 5B9SMV5DX8;
				ENABLE_PREVIEWS = YES;
				GENERATE_INFOPLIST_FILE = YES;
				INFOPLIST_KEY_UIApplicationSceneManifest_Generation = YES;
				INFOPLIST_KEY_UIApplicationSupportsIndirectInputEvents = YES;
				INFOPLIST_KEY_UILaunchScreen_Generation = YES;
				INFOPLIST_KEY_UISupportedInterfaceOrientations_iPad = "UIInterfaceOrientationPortrait UIInterfaceOrientationPortraitUpsideDown UIInterfaceOrientationLandscapeLeft UIInterfaceOrientationLandscapeRight";
				INFOPLIST_KEY_UISupportedInterfaceOrientations_iPhone = "UIInterfaceOrientationPortrait UIInterfaceOrientationLandscapeLeft UIInterfaceOrientationLandscapeRight";
				LD_RUNPATH_SEARCH_PATHS = (
					"$(inherited)",
					"@executable_path/Frameworks",
				);
				MARKETING_VERSION = 1.0;
				PRODUCT_BUNDLE_IDENTIFIER = Disson.AlphaQ2;
				PRODUCT_NAME = "$(TARGET_NAME)";
				SWIFT_EMIT_LOC_STRINGS = YES;
				SWIFT_VERSION = 5.0;
				TARGETED_DEVICE_FAMILY = "1,2";
			};
			name = Release;
		};
		64B8308F2D9F8E92003D8E9E /* Debug */ = {
			isa = XCBuildConfiguration;
			buildSettings = {
				ALWAYS_EMBED_SWIFT_STANDARD_LIBRARIES = YES;
				BUNDLE_LOADER = "$(TEST_HOST)";
				CODE_SIGN_STYLE = Automatic;
				CURRENT_PROJECT_VERSION = 1;
				DEVELOPMENT_TEAM = 5B9SMV5DX8;
				GENERATE_INFOPLIST_FILE = YES;
				IPHONEOS_DEPLOYMENT_TARGET = 17.5;
				MARKETING_VERSION = 1.0;
				PRODUCT_BUNDLE_IDENTIFIER = Disson.AlphaQ2Tests;
				PRODUCT_NAME = "$(TARGET_NAME)";
				SWIFT_EMIT_LOC_STRINGS = NO;
				SWIFT_VERSION = 5.0;
				TARGETED_DEVICE_FAMILY = "1,2";
				TEST_HOST = "$(BUILT_PRODUCTS_DIR)/AlphaQ2.app/$(BUNDLE_EXECUTABLE_FOLDER_PATH)/AlphaQ2";
			};
			name = Debug;
		};
		64B830902D9F8E92003D8E9E /* Release */ = {
			isa = XCBuildConfiguration;
			buildSettings = {
				ALWAYS_EMBED_SWIFT_STANDARD_LIBRARIES = YES;
				BUNDLE_LOADER = "$(TEST_HOST)";
				CODE_SIGN_STYLE = Automatic;
				CURRENT_PROJECT_VERSION = 1;
				DEVELOPMENT_TEAM = 5B9SMV5DX8;
				GENERATE_INFOPLIST_FILE = YES;
				IPHONEOS_DEPLOYMENT_TARGET = 17.5;
				MARKETING_VERSION = 1.0;
				PRODUCT_BUNDLE_IDENTIFIER = Disson.AlphaQ2Tests;
				PRODUCT_NAME = "$(TARGET_NAME)";
				SWIFT_EMIT_LOC_STRINGS = NO;
				SWIFT_VERSION = 5.0;
				TARGETED_DEVICE_FAMILY = "1,2";
				TEST_HOST = "$(BUILT_PRODUCTS_DIR)/AlphaQ2.app/$(BUNDLE_EXECUTABLE_FOLDER_PATH)/AlphaQ2";
			};
			name = Release;
		};
		64B830922D9F8E92003D8E9E /* Debug */ = {
			isa = XCBuildConfiguration;
			buildSettings = {
				ALWAYS_EMBED_SWIFT_STANDARD_LIBRARIES = YES;
				CODE_SIGN_STYLE = Automatic;
				CURRENT_PROJECT_VERSION = 1;
				DEVELOPMENT_TEAM = 5B9SMV5DX8;
				GENERATE_INFOPLIST_FILE = YES;
				MARKETING_VERSION = 1.0;
				PRODUCT_BUNDLE_IDENTIFIER = Disson.AlphaQ2UITests;
				PRODUCT_NAME = "$(TARGET_NAME)";
				SWIFT_EMIT_LOC_STRINGS = NO;
				SWIFT_VERSION = 5.0;
				TARGETED_DEVICE_FAMILY = "1,2";
				TEST_TARGET_NAME = AlphaQ2;
			};
			name = Debug;
		};
		64B830932D9F8E92003D8E9E /* Release */ = {
			isa = XCBuildConfiguration;
			buildSettings = {
				ALWAYS_EMBED_SWIFT_STANDARD_LIBRARIES = YES;
				CODE_SIGN_STYLE = Automatic;
				CURRENT_PROJECT_VERSION = 1;
				DEVELOPMENT_TEAM = 5B9SMV5DX8;
				GENERATE_INFOPLIST_FILE = YES;
				MARKETING_VERSION = 1.0;
				PRODUCT_BUNDLE_IDENTIFIER = Disson.AlphaQ2UITests;
				PRODUCT_NAME = "$(TARGET_NAME)";
				SWIFT_EMIT_LOC_STRINGS = NO;
				SWIFT_VERSION = 5.0;
				TARGETED_DEVICE_FAMILY = "1,2";
				TEST_TARGET_NAME = AlphaQ2;
			};
			name = Release;
		};
/* End XCBuildConfiguration section */

/* Begin XCConfigurationList section */
		64B8305D2D9F8E8F003D8E9E /* Build configuration list for PBXProject "AlphaQ2" */ = {
			isa = XCConfigurationList;
			buildConfigurations = (
				64B830892D9F8E92003D8E9E /* Debug */,
				64B8308A2D9F8E92003D8E9E /* Release */,
			);
			defaultConfigurationIsVisible = 0;
			defaultConfigurationName = Release;
		};
		64B8308B2D9F8E92003D8E9E /* Build configuration list for PBXNativeTarget "AlphaQ2" */ = {
			isa = XCConfigurationList;
			buildConfigurations = (
				64B8308C2D9F8E92003D8E9E /* Debug */,
				64B8308D2D9F8E92003D8E9E /* Release */,
			);
			defaultConfigurationIsVisible = 0;
			defaultConfigurationName = Release;
		};
		64B8308E2D9F8E92003D8E9E /* Build configuration list for PBXNativeTarget "AlphaQ2Tests" */ = {
			isa = XCConfigurationList;
			buildConfigurations = (
				64B8308F2D9F8E92003D8E9E /* Debug */,
				64B830902D9F8E92003D8E9E /* Release */,
			);
			defaultConfigurationIsVisible = 0;
			defaultConfigurationName = Release;
		};
		64B830912D9F8E92003D8E9E /* Build configuration list for PBXNativeTarget "AlphaQ2UITests" */ = {
			isa = XCConfigurationList;
			buildConfigurations = (
				64B830922D9F8E92003D8E9E /* Debug */,
				64B830932D9F8E92003D8E9E /* Release */,
			);
			defaultConfigurationIsVisible = 0;
			defaultConfigurationName = Release;
		};
/* End XCConfigurationList section */

/* Begin XCVersionGroup section */
		64B830702D9F8E92003D8E9E /* AlphaQ2.xcdatamodeld */ = {
			isa = XCVersionGroup;
			children = (
				64B830712D9F8E92003D8E9E /* AlphaQ2.xcdatamodel */,
			);
			currentVersion = 64B830712D9F8E92003D8E9E /* AlphaQ2.xcdatamodel */;
			path = AlphaQ2.xcdatamodeld;
			sourceTree = "<group>";
			versionGroupType = wrapper.xcdatamodel;
		};
/* End XCVersionGroup section */
	};
	rootObject = 64B8305A2D9F8E8F003D8E9E /* Project object */;
}
